{
  "version": 4,
  "terraform_version": "1.13.0",
  "serial": 14,
  "lineage": "4d4a4497-6f42-6918-8cd7-901ce43850d1",
  "outputs": {
    "fis_experiment_role_name": {
      "value": "fis-experiment-role",
      "type": "string"
    }
  },
  "resources": [
    {
      "mode": "managed",
      "type": "aws_fis_experiment_template",
      "name": "delete_pod_eks_clusters_template",
      "provider": "provider[\"registry.terraform.io/hashicorp/aws\"]",
      "instances": [
        {
          "schema_version": 0,
          "attributes": {
            "action": [
              {
                "action_id": "aws:eks:pod-delete",
                "description": "",
                "name": "aws-delete-movie-web-load-balancer-pods",
                "parameter": [
                  {
                    "key": "kubernetesServiceAccount",
                    "value": "aws-fis"
                  }
                ],
                "start_after": [],
                "target": [
                  {
                    "key": "Pods",
                    "value": "delete-movie-web-load-balancer-pods"
                  }
                ]
              }
            ],
            "description": "Terminate Load Balancer Pods in EKS Cluster in Workload Non-Prod",
            "experiment_options": [
              {
                "account_targeting": "single-account",
                "empty_target_resolution_mode": "fail"
              }
            ],
            "experiment_report_configuration": [],
            "id": "EXT47akQGPnHKLiU",
            "log_configuration": [],
            "region": "ap-southeast-2",
            "role_arn": "arn:aws:iam::323135480174:role/fis-experiment-role",
            "stop_condition": [
              {
                "source": "none",
                "value": ""
              }
            ],
            "tags": {
              "Name": "eks-movie-web-load-balancer-pods"
            },
            "tags_all": {
              "Name": "eks-movie-web-load-balancer-pods"
            },
            "target": [
              {
                "filter": [],
                "name": "delete-movie-web-load-balancer-pods",
                "parameters": {
                  "clusterIdentifier": "eks-cluster",
                  "namespace": "movie-web",
                  "selectorType": "labelSelector",
                  "selectorValue": "app=nginx"
                },
                "resource_arns": [],
                "resource_tag": [],
                "resource_type": "aws:eks:pod",
                "selection_mode": "ALL"
              }
            ],
            "timeouts": null
          },
          "sensitive_attributes": [],
          "identity_schema_version": 0,
          "private": "eyJlMmJmYjczMC1lY2FhLTExZTYtOGY4OC0zNDM2M2JjN2M0YzAiOnsiY3JlYXRlIjoxODAwMDAwMDAwMDAwLCJkZWxldGUiOjE4MDAwMDAwMDAwMDAsInVwZGF0ZSI6MTgwMDAwMDAwMDAwMH19"
        }
      ]
    },
    {
      "mode": "managed",
      "type": "aws_iam_policy",
      "name": "fis_eks_delete_pod",
      "provider": "provider[\"registry.terraform.io/hashicorp/aws\"]",
      "instances": [
        {
          "schema_version": 0,
          "attributes": {
            "arn": "arn:aws:iam::323135480174:policy/fis-eks-delete-pod",
            "attachment_count": 1,
            "description": "",
            "id": "arn:aws:iam::323135480174:policy/fis-eks-delete-pod",
            "name": "fis-eks-delete-pod",
            "name_prefix": "",
            "path": "/",
            "policy": "{\"Statement\":[{\"Action\":[\"eks:DescribeCluster\",\"eks:DescribeSubnets\",\"tag:GetResources\",\"eks:ListPods\",\"eks:DeletePod\"],\"Effect\":\"Allow\",\"Resource\":\"*\"}],\"Version\":\"2012-10-17\"}",
            "policy_id": "ANPAUWPDAEFXPE4HOJVEE",
            "tags": {},
            "tags_all": {}
          },
          "sensitive_attributes": [],
          "identity_schema_version": 0,
          "identity": {
            "arn": "arn:aws:iam::323135480174:policy/fis-eks-delete-pod"
          },
          "private": "bnVsbA=="
        }
      ]
    },
    {
      "mode": "managed",
      "type": "aws_iam_policy",
      "name": "fis_service_policy",
      "provider": "provider[\"registry.terraform.io/hashicorp/aws\"]",
      "instances": [
        {
          "schema_version": 0,
          "attributes": {
            "arn": "arn:aws:iam::323135480174:policy/fis-service-policy",
            "attachment_count": 1,
            "description": "Policy for FIS to manage experiments",
            "id": "arn:aws:iam::323135480174:policy/fis-service-policy",
            "name": "fis-service-policy",
            "name_prefix": "",
            "path": "/",
            "policy": "{\"Statement\":[{\"Action\":[\"fis:CreateExperimentTemplate\",\"fis:GetExperimentTemplate\",\"fis:UpdateExperimentTemplate\",\"fis:DeleteExperimentTemplate\",\"fis:ListExperimentTemplates\",\"fis:StartExperiment\",\"fis:GetExperiment\",\"fis:ListExperiments\",\"fis:StopExperiment\",\"fis:ListActions\",\"fis:ListTargetResourceTypes\",\"iam:PassRole\",\"cloudwatch:DescribeAlarms\"],\"Effect\":\"Allow\",\"Resource\":\"*\"}],\"Version\":\"2012-10-17\"}",
            "policy_id": "ANPAUWPDAEFXDMDY5ZXIZ",
            "tags": {},
            "tags_all": {}
          },
          "sensitive_attributes": [],
          "identity_schema_version": 0,
          "identity": {
            "arn": "arn:aws:iam::323135480174:policy/fis-service-policy"
          },
          "private": "bnVsbA=="
        }
      ]
    },
    {
      "mode": "managed",
      "type": "aws_iam_role",
      "name": "fis_experiment_role",
      "provider": "provider[\"registry.terraform.io/hashicorp/aws\"]",
      "instances": [
        {
          "schema_version": 0,
          "attributes": {
            "arn": "arn:aws:iam::323135480174:role/fis-experiment-role",
            "assume_role_policy": "{\"Statement\":[{\"Action\":\"sts:AssumeRole\",\"Effect\":\"Allow\",\"Principal\":{\"Service\":\"fis.amazonaws.com\"}},{\"Action\":\"sts:AssumeRole\",\"Effect\":\"Allow\",\"Principal\":{\"Service\":\"eks.amazonaws.com\"}}],\"Version\":\"2012-10-17\"}",
            "create_date": "2025-12-14T04:51:58Z",
            "description": "",
            "force_detach_policies": false,
            "id": "fis-experiment-role",
            "inline_policy": [],
            "managed_policy_arns": [
              "arn:aws:iam::323135480174:policy/fis-eks-delete-pod",
              "arn:aws:iam::323135480174:policy/fis-service-policy"
            ],
            "max_session_duration": 3600,
            "name": "fis-experiment-role",
            "name_prefix": "",
            "path": "/",
            "permissions_boundary": "",
            "tags": {},
            "tags_all": {},
            "unique_id": "AROAUWPDAEFXDMVZD37UP"
          },
          "sensitive_attributes": [],
          "identity_schema_version": 0,
          "identity": {
            "account_id": "323135480174",
            "name": "fis-experiment-role"
          },
          "private": "bnVsbA=="
        }
      ]
    },
    {
      "mode": "managed",
      "type": "aws_iam_role_policy_attachment",
      "name": "fis_eks_delete_pod_attach_1",
      "provider": "provider[\"registry.terraform.io/hashicorp/aws\"]",
      "instances": [
        {
          "schema_version": 0,
          "attributes": {
            "id": "fis-experiment-role/arn:aws:iam::323135480174:policy/fis-eks-delete-pod",
            "policy_arn": "arn:aws:iam::323135480174:policy/fis-eks-delete-pod",
            "role": "fis-experiment-role"
          },
          "sensitive_attributes": [],
          "identity_schema_version": 0,
          "identity": {
            "account_id": "323135480174",
            "policy_arn": "arn:aws:iam::323135480174:policy/fis-eks-delete-pod",
            "role": "fis-experiment-role"
          },
          "private": "bnVsbA==",
          "dependencies": [
            "aws_iam_policy.fis_eks_delete_pod",
            "aws_iam_role.fis_experiment_role"
          ]
        }
      ]
    },
    {
      "mode": "managed",
      "type": "aws_iam_role_policy_attachment",
      "name": "fis_eks_delete_pod_attach_2",
      "provider": "provider[\"registry.terraform.io/hashicorp/aws\"]",
      "instances": [
        {
          "schema_version": 0,
          "attributes": {
            "id": "fis-experiment-role/arn:aws:iam::323135480174:policy/fis-service-policy",
            "policy_arn": "arn:aws:iam::323135480174:policy/fis-service-policy",
            "role": "fis-experiment-role"
          },
          "sensitive_attributes": [],
          "identity_schema_version": 0,
          "identity": {
            "account_id": "323135480174",
            "policy_arn": "arn:aws:iam::323135480174:policy/fis-service-policy",
            "role": "fis-experiment-role"
          },
          "private": "bnVsbA==",
          "dependencies": [
            "aws_iam_policy.fis_service_policy",
            "aws_iam_role.fis_experiment_role"
          ]
        }
      ]
    }
  ],
  "check_results": null
}
